
Microsoft Visual Studio Solution File, Format Version 12.00
# Visual Studio Version 17
VisualStudioVersion = 17.10.35122.118
MinimumVisualStudioVersion = 10.0.40219.1
Project("{FAE04EC0-301F-11D3-BF4B-00C04F79EFBC}") = "Round Minecraft Launcher", "Round Minecraft Launcher\Round Minecraft Launcher.csproj", "{8DD9E635-5AD7-48C3-B2F3-1E02B3B4BA82}"
EndProject
Global
	GlobalSection(SolutionConfigurationPlatforms) = preSolution
		Debug|Any CPU = Debug|Any CPU
		Release|Any CPU = Release|Any CPU
	EndGlobalSection
	GlobalSection(ProjectConfigurationPlatforms) = postSolution
		{8DD9E635-5AD7-48C3-B2F3-1E02B3B4BA82}.Debug|Any CPU.ActiveCfg = Debug|Any CPU
		{8DD9E635-5AD7-48C3-B2F3-1E02B3B4BA82}.Debug|Any CPU.Build.0 = Debug|Any CPU
		{8DD9E635-5AD7-48C3-B2F3-1E02B3B4BA82}.Release|Any CPU.ActiveCfg = Release|Any CPU
		{8DD9E635-5AD7-48C3-B2F3-1E02B3B4BA82}.Release|Any CPU.Build.0 = Release|Any CPU
	EndGlobalSection
	GlobalSection(SolutionProperties) = preSolution
		HideSolutionNode = FALSE
	EndGlobalSection
	GlobalSection(ExtensibilityGlobals) = postSolution
		SolutionGuid = {A0B8841E-2B4B-430B-8DE8-7676D02608D3}
	EndGlobalSection
EndGlobal
